
Microsoft Visual Studio Solution File, Format Version 12.00
# Visual Studio 15
VisualStudioVersion = 15.0.28307.1209
MinimumVisualStudioVersion = 10.0.40219.1
Project("{FAE04EC0-301F-11D3-BF4B-00C04F79EFBC}") = "FirmaDigitalLab", "FirmaDigitalLab\FirmaDigitalLab.csproj", "{DCB4AAAE-C8D2-4B2C-B1A8-9A824F8DE37B}"
EndProject
Global
	GlobalSection(SolutionConfigurationPlatforms) = preSolution
		Debug|Any CPU = Debug|Any CPU
		Release|Any CPU = Release|Any CPU
	EndGlobalSection
	GlobalSection(ProjectConfigurationPlatforms) = postSolution
		{DCB4AAAE-C8D2-4B2C-B1A8-9A824F8DE37B}.Debug|Any CPU.ActiveCfg = Debug|Any CPU
		{DCB4AAAE-C8D2-4B2C-B1A8-9A824F8DE37B}.Debug|Any CPU.Build.0 = Debug|Any CPU
		{DCB4AAAE-C8D2-4B2C-B1A8-9A824F8DE37B}.Release|Any CPU.ActiveCfg = Release|Any CPU
		{DCB4AAAE-C8D2-4B2C-B1A8-9A824F8DE37B}.Release|Any CPU.Build.0 = Release|Any CPU
	EndGlobalSection
	GlobalSection(SolutionProperties) = preSolution
		HideSolutionNode = FALSE
	EndGlobalSection
	GlobalSection(ExtensibilityGlobals) = postSolution
		SolutionGuid = {62070B48-1CCA-41B5-A7A3-6416F8A47C67}
	EndGlobalSection
EndGlobal
